{
  "name": "moosenexus-typescript-fixture",
  "version": "1.0.0",
  "lockfileVersion": 3,
  "requires": true,
  "packages": {
    "": {
      "name": "moosenexus-typescript-fixture",
      "version": "1.0.0",
      "dependencies": {
        "is-number": "7.0.0"
      }
    },
    "node_modules/is-number": {
      "version": "7.0.0",
      "resolved": "https://registry.npmjs.org/is-number/-/is-number-7.0.0.tgz",
      "integrity": "sha512-41Cifkg6e8WQqCLqPFe+tpE7AQF9N1EvBE0A6ww9Q5eh8MqBRUS6ByZ2ho+uYc8LLAqpZqZ8wNwYyFLCv2CJ3g=="
    }
  }
}
